github.com/godbus/dbus/v5 v5.2.2 h1:TUR3TgtSVDmjiXOgAAyaZbYmIeP3DPkld3jgKGV8mXQ=
github.com/godbus/dbus/v5 v5.2.2/go.mod h1:3AAv2+hPq5rdnr5txxxRwiGjPXamgoIHgz9FPBfOp3c=
github.com/mdlayher/sdnotify v1.0.0 h1:Ma9XeLVN/l0qpyx1tNeMSeTjCPH6NtuD6/N9XdTlQ3c=
github.com/mdlayher/sdnotify v1.0.0/go.mod h1:HQUmpM4XgYkhDLtd+Uad8ZFK1T9D5+pNxnXQjCeJlGE=
golang.org/x/sys v0.27.0 h1:wBqf8DvsY9Y/2P8gAfPDEYNuS30J4lPHJxXSb/nJZ+s=
golang.org/x/sys v0.27.0/go.mod h1:/VUhepiaJMQUp4+oa/7Zr1D23ma6VTLIYjOOTFZPUcA=
